PODS:
  - ArgumentParserKit (1.0.0)
  - SerialPort (0.1.0)

DEPENDENCIES:
  - ArgumentParserKit (~> 1.0.0)
  - SerialPort (from `.`)

SPEC REPOS:
  trunk:
    - ArgumentParserKit

EXTERNAL SOURCES:
  SerialPort:
    :path: "."

SPEC CHECKSUMS:
  ArgumentParserKit: 99ceb746098d9f478a6cb9b01b38ce9ecab3122d
  SerialPort: fc5293066231ac66e1da65fa0e8fd821ce471c6e

PODFILE CHECKSUM: 2866a71388df6a0f0217662e945b091ac3c6f854

COCOAPODS: 1.8.4
